
Microsoft Visual Studio Solution File, Format Version 12.00
# Visual Studio Version 16
VisualStudioVersion = 16.0.29709.97
MinimumVisualStudioVersion = 10.0.40219.1
Project("{FAE04EC0-301F-11D3-BF4B-00C04F79EFBC}") = "HttpsWork", "HttpsWork\HttpsWork.csproj", "{E830C963-BE77-4C8D-BE5A-E00A6AF44A6E}"
EndProject
Global
	GlobalSection(SolutionConfigurationPlatforms) = preSolution
		Debug|Any CPU = Debug|Any CPU
		Release|Any CPU = Release|Any CPU
	EndGlobalSection
	GlobalSection(ProjectConfigurationPlatforms) = postSolution
		{E830C963-BE77-4C8D-BE5A-E00A6AF44A6E}.Debug|Any CPU.ActiveCfg = Debug|Any CPU
		{E830C963-BE77-4C8D-BE5A-E00A6AF44A6E}.Debug|Any CPU.Build.0 = Debug|Any CPU
		{E830C963-BE77-4C8D-BE5A-E00A6AF44A6E}.Release|Any CPU.ActiveCfg = Release|Any CPU
		{E830C963-BE77-4C8D-BE5A-E00A6AF44A6E}.Release|Any CPU.Build.0 = Release|Any CPU
	EndGlobalSection
	GlobalSection(SolutionProperties) = preSolution
		HideSolutionNode = FALSE
	EndGlobalSection
	GlobalSection(ExtensibilityGlobals) = postSolution
		SolutionGuid = {5CAAD72D-D12F-4281-BE5F-C882CEBE3DEA}
	EndGlobalSection
EndGlobal
